
Microsoft Visual Studio Solution File, Format Version 12.00
# Visual Studio Version 16
VisualStudioVersion = 16.0.28916.205
MinimumVisualStudioVersion = 10.0.40219.1
Project("{9A19103F-16F7-4668-BE54-9A1E7A4F7556}") = "Wpf-AppCompat-Quirks", "Wpf-AppCompat-Quirks\Wpf-AppCompat-Quirks.csproj", "{D22D9105-6E73-48D2-B4F1-A889A60A4E2C}"
EndProject
Global
	GlobalSection(SolutionConfigurationPlatforms) = preSolution
		Debug|Any CPU = Debug|Any CPU
		Release|Any CPU = Release|Any CPU
	EndGlobalSection
	GlobalSection(ProjectConfigurationPlatforms) = postSolution
		{D22D9105-6E73-48D2-B4F1-A889A60A4E2C}.Debug|Any CPU.ActiveCfg = Debug|x86
		{D22D9105-6E73-48D2-B4F1-A889A60A4E2C}.Debug|Any CPU.Build.0 = Debug|x86
		{D22D9105-6E73-48D2-B4F1-A889A60A4E2C}.Release|Any CPU.ActiveCfg = Release|x86
		{D22D9105-6E73-48D2-B4F1-A889A60A4E2C}.Release|Any CPU.Build.0 = Release|x86
	EndGlobalSection
	GlobalSection(SolutionProperties) = preSolution
		HideSolutionNode = FALSE
	EndGlobalSection
	GlobalSection(ExtensibilityGlobals) = postSolution
		SolutionGuid = {81CC16F5-5027-4AF1-9CBE-DAED917E1762}
	EndGlobalSection
EndGlobal
